
Microsoft Visual Studio Solution File, Format Version 12.00
# Visual Studio Version 17
VisualStudioVersion = 17.14.36203.30 d17.14
MinimumVisualStudioVersion = 10.0.40219.1
Project("{FAE04EC0-301F-11D3-BF4B-00C04F79EFBC}") = "RealTimeChatApp.Api", "RealTimeChatApp.Api\RealTimeChatApp.Api.csproj", "{85AF0FA3-B72C-4FE2-9490-D36159F84423}"
EndProject
Project("{FAE04EC0-301F-11D3-BF4B-00C04F79EFBC}") = "RealTimeChatApp.Infrastructure", "RealTimeChatApp.Infrastructure\RealTimeChatApp.Infrastructure.csproj", "{70E8BDC5-C93D-4255-8247-4F4DCE5467A7}"
EndProject
Project("{FAE04EC0-301F-11D3-BF4B-00C04F79EFBC}") = "RealTimeChatApp.Application", "RealTimeChatApp.Application\RealTimeChatApp.Application.csproj", "{BE06730C-6CC0-4993-AFA6-9DE48ABC80E2}"
EndProject
Project("{FAE04EC0-301F-11D3-BF4B-00C04F79EFBC}") = "RealTimeChatApp.Domain", "RealTimeChatApp.Domain\RealTimeChatApp.Domain.csproj", "{DF0E6B95-17DB-4F3F-8A91-6D1F6417ECEE}"
EndProject
Global
	GlobalSection(SolutionConfigurationPlatforms) = preSolution
		Debug|Any CPU = Debug|Any CPU
		Release|Any CPU = Release|Any CPU
	EndGlobalSection
	GlobalSection(ProjectConfigurationPlatforms) = postSolution
		{85AF0FA3-B72C-4FE2-9490-D36159F84423}.Debug|Any CPU.ActiveCfg = Debug|Any CPU
		{85AF0FA3-B72C-4FE2-9490-D36159F84423}.Debug|Any CPU.Build.0 = Debug|Any CPU
		{85AF0FA3-B72C-4FE2-9490-D36159F84423}.Release|Any CPU.ActiveCfg = Release|Any CPU
		{85AF0FA3-B72C-4FE2-9490-D36159F84423}.Release|Any CPU.Build.0 = Release|Any CPU
		{70E8BDC5-C93D-4255-8247-4F4DCE5467A7}.Debug|Any CPU.ActiveCfg = Debug|Any CPU
		{70E8BDC5-C93D-4255-8247-4F4DCE5467A7}.Debug|Any CPU.Build.0 = Debug|Any CPU
		{70E8BDC5-C93D-4255-8247-4F4DCE5467A7}.Release|Any CPU.ActiveCfg = Release|Any CPU
		{70E8BDC5-C93D-4255-8247-4F4DCE5467A7}.Release|Any CPU.Build.0 = Release|Any CPU
		{BE06730C-6CC0-4993-AFA6-9DE48ABC80E2}.Debug|Any CPU.ActiveCfg = Debug|Any CPU
		{BE06730C-6CC0-4993-AFA6-9DE48ABC80E2}.Debug|Any CPU.Build.0 = Debug|Any CPU
		{BE06730C-6CC0-4993-AFA6-9DE48ABC80E2}.Release|Any CPU.ActiveCfg = Release|Any CPU
		{BE06730C-6CC0-4993-AFA6-9DE48ABC80E2}.Release|Any CPU.Build.0 = Release|Any CPU
		{DF0E6B95-17DB-4F3F-8A91-6D1F6417ECEE}.Debug|Any CPU.ActiveCfg = Debug|Any CPU
		{DF0E6B95-17DB-4F3F-8A91-6D1F6417ECEE}.Debug|Any CPU.Build.0 = Debug|Any CPU
		{DF0E6B95-17DB-4F3F-8A91-6D1F6417ECEE}.Release|Any CPU.ActiveCfg = Release|Any CPU
		{DF0E6B95-17DB-4F3F-8A91-6D1F6417ECEE}.Release|Any CPU.Build.0 = Release|Any CPU
	EndGlobalSection
	GlobalSection(SolutionProperties) = preSolution
		HideSolutionNode = FALSE
	EndGlobalSection
	GlobalSection(ExtensibilityGlobals) = postSolution
		SolutionGuid = {8ADD356B-37B2-44D5-83CE-E422DEF13D34}
	EndGlobalSection
EndGlobal
